
Microsoft Visual Studio Solution File, Format Version 12.00
# Visual Studio Version 17
VisualStudioVersion = 17.2.32616.157
MinimumVisualStudioVersion = 10.0.40219.1
Project("{FAE04EC0-301F-11D3-BF4B-00C04F79EFBC}") = "paint", "paint\paint.csproj", "{D579487D-8272-44BF-BE71-E1E2CF3F58BE}"
EndProject
Global
	GlobalSection(SolutionConfigurationPlatforms) = preSolution
		Debug|Any CPU = Debug|Any CPU
		Release|Any CPU = Release|Any CPU
	EndGlobalSection
	GlobalSection(ProjectConfigurationPlatforms) = postSolution
		{D579487D-8272-44BF-BE71-E1E2CF3F58BE}.Debug|Any CPU.ActiveCfg = Debug|Any CPU
		{D579487D-8272-44BF-BE71-E1E2CF3F58BE}.Debug|Any CPU.Build.0 = Debug|Any CPU
		{D579487D-8272-44BF-BE71-E1E2CF3F58BE}.Release|Any CPU.ActiveCfg = Release|Any CPU
		{D579487D-8272-44BF-BE71-E1E2CF3F58BE}.Release|Any CPU.Build.0 = Release|Any CPU
	EndGlobalSection
	GlobalSection(SolutionProperties) = preSolution
		HideSolutionNode = FALSE
	EndGlobalSection
	GlobalSection(ExtensibilityGlobals) = postSolution
		SolutionGuid = {1F4BDDCC-6CE7-4E26-B9EC-E5525E1143B3}
	EndGlobalSection
EndGlobal
